
Microsoft Visual Studio Solution File, Format Version 12.00
# Visual Studio Version 17
VisualStudioVersion = 17.2.32630.192
MinimumVisualStudioVersion = 10.0.40219.1
Project("{FAE04EC0-301F-11D3-BF4B-00C04F79EFBC}") = "TestProject1", "TestProject1.csproj", "{C906A201-EC4F-4381-A34F-81C931530A70}"
EndProject
Global
	GlobalSection(SolutionConfigurationPlatforms) = preSolution
		Debug|Any CPU = Debug|Any CPU
		Release|Any CPU = Release|Any CPU
	EndGlobalSection
	GlobalSection(ProjectConfigurationPlatforms) = postSolution
		{C906A201-EC4F-4381-A34F-81C931530A70}.Debug|Any CPU.ActiveCfg = Debug|Any CPU
		{C906A201-EC4F-4381-A34F-81C931530A70}.Debug|Any CPU.Build.0 = Debug|Any CPU
		{C906A201-EC4F-4381-A34F-81C931530A70}.Release|Any CPU.ActiveCfg = Release|Any CPU
		{C906A201-EC4F-4381-A34F-81C931530A70}.Release|Any CPU.Build.0 = Release|Any CPU
	EndGlobalSection
	GlobalSection(SolutionProperties) = preSolution
		HideSolutionNode = FALSE
	EndGlobalSection
	GlobalSection(ExtensibilityGlobals) = postSolution
		SolutionGuid = {3C69D9AB-7575-47B6-AD4A-1CFAFE247CDD}
	EndGlobalSection
EndGlobal
